
Microsoft Visual Studio Solution File, Format Version 12.00
# Visual Studio Version 17
VisualStudioVersion = 17.0.31903.59
MinimumVisualStudioVersion = 10.0.40219.1
Project("{FAE04EC0-301F-11D3-BF4B-00C04F79EFBC}") = "PP3.Api", "PP3.Api\PP3.Api.csproj", "{C2211673-9E7C-45EF-B5C6-EDA3C0A2169B}"
EndProject
Global
	GlobalSection(SolutionConfigurationPlatforms) = preSolution
		Debug|Any CPU = Debug|Any CPU
		Debug|x64 = Debug|x64
		Debug|x86 = Debug|x86
		Release|Any CPU = Release|Any CPU
		Release|x64 = Release|x64
		Release|x86 = Release|x86
	EndGlobalSection
	GlobalSection(ProjectConfigurationPlatforms) = postSolution
		{C2211673-9E7C-45EF-B5C6-EDA3C0A2169B}.Debug|Any CPU.ActiveCfg = Debug|Any CPU
		{C2211673-9E7C-45EF-B5C6-EDA3C0A2169B}.Debug|Any CPU.Build.0 = Debug|Any CPU
		{C2211673-9E7C-45EF-B5C6-EDA3C0A2169B}.Debug|x64.ActiveCfg = Debug|Any CPU
		{C2211673-9E7C-45EF-B5C6-EDA3C0A2169B}.Debug|x64.Build.0 = Debug|Any CPU
		{C2211673-9E7C-45EF-B5C6-EDA3C0A2169B}.Debug|x86.ActiveCfg = Debug|Any CPU
		{C2211673-9E7C-45EF-B5C6-EDA3C0A2169B}.Debug|x86.Build.0 = Debug|Any CPU
		{C2211673-9E7C-45EF-B5C6-EDA3C0A2169B}.Release|Any CPU.ActiveCfg = Release|Any CPU
		{C2211673-9E7C-45EF-B5C6-EDA3C0A2169B}.Release|Any CPU.Build.0 = Release|Any CPU
		{C2211673-9E7C-45EF-B5C6-EDA3C0A2169B}.Release|x64.ActiveCfg = Release|Any CPU
		{C2211673-9E7C-45EF-B5C6-EDA3C0A2169B}.Release|x64.Build.0 = Release|Any CPU
		{C2211673-9E7C-45EF-B5C6-EDA3C0A2169B}.Release|x86.ActiveCfg = Release|Any CPU
		{C2211673-9E7C-45EF-B5C6-EDA3C0A2169B}.Release|x86.Build.0 = Release|Any CPU
	EndGlobalSection
	GlobalSection(SolutionProperties) = preSolution
		HideSolutionNode = FALSE
	EndGlobalSection
EndGlobal
